// !$*UTF8*$!
{
	archiveVersion = 1;
	classes = {
	};
	objectVersion = 77;
	objects = {

/* Begin PBXContainerItemProxy section */
		5886F5CF2D7628C800A9E1AF /* PBXContainerItemProxy */ = {
			isa = PBXContainerItemProxy;
			containerPortal = 5886F5B62D7628C700A9E1AF /* Project object */;
			proxyType = 1;
			remoteGlobalIDString = 5886F5BD2D7628C700A9E1AF;
			remoteInfo = Calculadora;
		};
		5886F5D92D7628C800A9E1AF /* PBXContainerItemProxy */ = {
			isa = PBXContainerItemProxy;
			containerPortal = 5886F5B62D7628C700A9E1AF /* Project object */;
			proxyType = 1;
			remoteGlobalIDString = 5886F5BD2D7628C700A9E1AF;
			remoteInfo = Calculadora;
		};
/* End PBXContainerItemProxy section */

/* Begin PBXFileReference section */
		5886F5BE2D7628C700A9E1AF /* Calculadora.app */ = {isa = PBXFileReference; explicitFileType = wrapper.application; includeInIndex = 0; path = Calculadora.app; sourceTree = BUILT_PRODUCTS_DIR; };
		5886F5CE2D7628C800A9E1AF /* CalculadoraTests.xctest */ = {isa = PBXFileReference; explicitFileType = wrapper.cfbundle; includeInIndex = 0; path = CalculadoraTests.xctest; sourceTree = BUILT_PRODUCTS_DIR; };
		5886F5D82D7628C800A9E1AF /* CalculadoraUITests.xctest */ = {isa = PBXFileReference; explicitFileType = wrapper.cfbundle; includeInIndex = 0; path = CalculadoraUITests.xctest; sourceTree = BUILT_PRODUCTS_DIR; };
/* End PBXFileReference section */

/* Begin PBXFileSystemSynchronizedRootGroup section */
		5886F5C02D7628C700A9E1AF /* Calculadora */ = {
			isa = PBXFileSystemSynchronizedRootGroup;
			path = Calculadora;
			sourceTree = "<group>";
		};
		5886F5D12D7628C800A9E1AF /* CalculadoraTests */ = {
			isa = PBXFileSystemSynchronizedRootGroup;
			path = CalculadoraTests;
			sourceTree = "<group>";
		};
		5886F5DB2D7628C800A9E1AF /* CalculadoraUITests */ = {
			isa = PBXFileSystemSynchronizedRootGroup;
			path = CalculadoraUITests;
			sourceTree = "<group>";
		};
/* End PBXFileSystemSynchronizedRootGroup section */

/* Begin PBXFrameworksBuildPhase section */
		5886F5BB2D7628C700A9E1AF /* Frameworks */ = {
			isa = PBXFrameworksBuildPhase;
			buildActionMask = 2147483647;
			files = (
			);
			runOnlyForDeploymentPostprocessing = 0;
		};
		5886F5CB2D7628C800A9E1AF /* Frameworks */ = {
			isa = PBXFrameworksBuildPhase;
			buildActionMask = 2147483647;
			files = (
			);
			runOnlyForDeploymentPostprocessing = 0;
		};
		5886F5D52D7628C800A9E1AF /* Frameworks */ = {
			isa = PBXFrameworksBuildPhase;
			buildActionMask = 2147483647;
			files = (
			);
			runOnlyForDeploymentPostprocessing = 0;
		};
/* End PBXFrameworksBuildPhase section */

/* Begin PBXGroup section */
		5886F5B52D7628C700A9E1AF = {
			isa = PBXGroup;
			children = (
				5886F5C02D7628C700A9E1AF /* Calculadora */,
				5886F5D12D7628C800A9E1AF /* CalculadoraTests */,
				5886F5DB2D7628C800A9E1AF /* CalculadoraUITests */,
				5886F5BF2D7628C700A9E1AF /* Products */,
			);
			sourceTree = "<group>";
		};
		5886F5BF2D7628C700A9E1AF /* Products */ = {
			isa = PBXGroup;
			children = (
				5886F5BE2D7628C700A9E1AF /* Calculadora.app */,
				5886F5CE2D7628C800A9E1AF /* CalculadoraTests.xctest */,
				5886F5D82D7628C800A9E1AF /* CalculadoraUITests.xctest */,
			);
			name = Products;
			sourceTree = "<group>";
		};
/* End PBXGroup section */

/* Begin PBXNativeTarget section */
		5886F5BD2D7628C700A9E1AF /* Calculadora */ = {
			isa = PBXNativeTarget;
			buildConfigurationList = 5886F5E22D7628C800A9E1AF /* Build configuration list for PBXNativeTarget "Calculadora" */;
			buildPhases = (
				5886F5BA2D7628C700A9E1AF /* Sources */,
				5886F5BB2D7628C700A9E1AF /* Frameworks */,
				5886F5BC2D7628C700A9E1AF /* Resources */,
			);
			buildRules = (
			);
			dependencies = (
			);
			fileSystemSynchronizedGroups = (
				5886F5C02D7628C700A9E1AF /* Calculadora */,
			);
			name = Calculadora;
			packageProductDependencies = (
			);
			productName = Calculadora;
			productReference = 5886F5BE2D7628C700A9E1AF /* Calculadora.app */;
			productType = "com.apple.product-type.application";
		};
		5886F5CD2D7628C800A9E1AF /* CalculadoraTests */ = {
			isa = PBXNativeTarget;
			buildConfigurationList = 5886F5E52D7628C800A9E1AF /* Build configuration list for PBXNativeTarget "CalculadoraTests" */;
			buildPhases = (
				5886F5CA2D7628C800A9E1AF /* Sources */,
				5886F5CB2D7628C800A9E1AF /* Frameworks */,
				5886F5CC2D7628C800A9E1AF /* Resources */,
			);
			buildRules = (
			);
			dependencies = (
				5886F5D02D7628C800A9E1AF /* PBXTargetDependency */,
			);
			fileSystemSynchronizedGroups = (
				5886F5D12D7628C800A9E1AF /* CalculadoraTests */,
			);
			name = CalculadoraTests;
			packageProductDependencies = (
			);
			productName = CalculadoraTests;
			productReference = 5886F5CE2D7628C800A9E1AF /* CalculadoraTests.xctest */;
			productType = "com.apple.product-type.bundle.unit-test";
		};
		5886F5D72D7628C800A9E1AF /* CalculadoraUITests */ = {
			isa = PBXNativeTarget;
			buildConfigurationList = 5886F5E82D7628C800A9E1AF /* Build configuration list for PBXNativeTarget "CalculadoraUITests" */;
			buildPhases = (
				5886F5D42D7628C800A9E1AF /* Sources */,
				5886F5D52D7628C800A9E1AF /* Frameworks */,
				5886F5D62D7628C800A9E1AF /* Resources */,
			);
			buildRules = (
			);
			dependencies = (
				5886F5DA2D7628C800A9E1AF /* PBXTargetDependency */,
			);
			fileSystemSynchronizedGroups = (
				5886F5DB2D7628C800A9E1AF /* CalculadoraUITests */,
			);
			name = CalculadoraUITests;
			packageProductDependencies = (
			);
			productName = CalculadoraUITests;
			productReference = 5886F5D82D7628C800A9E1AF /* CalculadoraUITests.xctest */;
			productType = "com.apple.product-type.bundle.ui-testing";
		};
/* End PBXNativeTarget section */

/* Begin PBXProject section */
		5886F5B62D7628C700A9E1AF /* Project object */ = {
			isa = PBXProject;
			attributes = {
				BuildIndependentTargetsInParallel = 1;
				LastSwiftUpdateCheck = 1620;
				LastUpgradeCheck = 1620;
				TargetAttributes = {
					5886F5BD2D7628C700A9E1AF = {
						CreatedOnToolsVersion = 16.2;
					};
					5886F5CD2D7628C800A9E1AF = {
						CreatedOnToolsVersion = 16.2;
						TestTargetID = 5886F5BD2D7628C700A9E1AF;
					};
					5886F5D72D7628C800A9E1AF = {
						CreatedOnToolsVersion = 16.2;
						TestTargetID = 5886F5BD2D7628C700A9E1AF;
					};
				};
			};
			buildConfigurationList = 5886F5B92D7628C700A9E1AF /* Build configuration list for PBXProject "Calculadora" */;
			developmentRegion = en;
			hasScannedForEncodings = 0;
			knownRegions = (
				en,
				Base,
			);
			mainGroup = 5886F5B52D7628C700A9E1AF;
			minimizedProjectReferenceProxies = 1;
			preferredProjectObjectVersion = 77;
			productRefGroup = 5886F5BF2D7628C700A9E1AF /* Products */;
			projectDirPath = "";
			projectRoot = "";
			targets = (
				5886F5BD2D7628C700A9E1AF /* Calculadora */,
				5886F5CD2D7628C800A9E1AF /* CalculadoraTests */,
				5886F5D72D7628C800A9E1AF /* CalculadoraUITests */,
			);
		};
/* End PBXProject section */

/* Begin PBXResourcesBuildPhase section */
		5886F5BC2D7628C700A9E1AF /* Resources */ = {
			isa = PBXResourcesBuildPhase;
			buildActionMask = 2147483647;
			files = (
			);
			runOnlyForDeploymentPostprocessing = 0;
		};
		5886F5CC2D7628C800A9E1AF /* Resources */ = {
			isa = PBXResourcesBuildPhase;
			buildActionMask = 2147483647;
			files = (
			);
			runOnlyForDeploymentPostprocessing = 0;
		};
		5886F5D62D7628C800A9E1AF /* Resources */ = {
			isa = PBXResourcesBuildPhase;
			buildActionMask = 2147483647;
			files = (
			);
			runOnlyForDeploymentPostprocessing = 0;
		};
/* End PBXResourcesBuildPhase section */

/* Begin PBXSourcesBuildPhase section */
		5886F5BA2D7628C700A9E1AF /* Sources */ = {
			isa = PBXSourcesBuildPhase;
			buildActionMask = 2147483647;
			files = (
			);
			runOnlyForDeploymentPostprocessing = 0;
		};
		5886F5CA2D7628C800A9E1AF /* Sources */ = {
			isa = PBXSourcesBuildPhase;
			buildActionMask = 2147483647;
			files = (
			);
			runOnlyForDeploymentPostprocessing = 0;
		};
		5886F5D42D7628C800A9E1AF /* Sources */ = {
			isa = PBXSourcesBuildPhase;
			buildActionMask = 2147483647;
			files = (
			);
			runOnlyForDeploymentPostprocessing = 0;
		};
/* End PBXSourcesBuildPhase section */

/* Begin PBXTargetDependency section */
		5886F5D02D7628C800A9E1AF /* PBXTargetDependency */ = {
			isa = PBXTargetDependency;
			target = 5886F5BD2D7628C700A9E1AF /* Calculadora */;
			targetProxy = 5886F5CF2D7628C800A9E1AF /* PBXContainerItemProxy */;
		};
		5886F5DA2D7628C800A9E1AF /* PBXTargetDependency */ = {
			isa = PBXTargetDependency;
			target = 5886F5BD2D7628C700A9E1AF /* Calculadora */;
			targetProxy = 5886F5D92D7628C800A9E1AF /* PBXContainerItemProxy */;
		};
/* End PBXTargetDependency section */

/* Begin XCBuildConfiguration section */
		5886F5E02D7628C800A9E1AF /* Debug */ = {
			isa = XCBuildConfiguration;
			buildSettings = {
				ALWAYS_SEARCH_USER_PATHS = NO;
				ASSETCATALOG_COMPILER_GENERATE_SWIFT_ASSET_SYMBOL_EXTENSIONS = YES;
				CLANG_ANALYZER_NONNULL = YES;
				CLANG_ANALYZER_NUMBER_OBJECT_CONVERSION = YES_AGGRESSIVE;
				CLANG_CXX_LANGUAGE_STANDARD = "gnu++20";
				CLANG_ENABLE_MODULES = YES;
				CLANG_ENABLE_OBJC_ARC = YES;
				CLANG_ENABLE_OBJC_WEAK = YES;
				CLANG_WARN_BLOCK_CAPTURE_AUTORELEASING = YES;
				CLANG_WARN_BOOL_CONVERSION = YES;
				CLANG_WARN_COMMA = YES;
				CLANG_WARN_CONSTANT_CONVERSION = YES;
				CLANG_WARN_DEPRECATED_OBJC_IMPLEMENTATIONS = YES;
				CLANG_WARN_DIRECT_OBJC_ISA_USAGE = YES_ERROR;
				CLANG_WARN_DOCUMENTATION_COMMENTS = YES;
				CLANG_WARN_EMPTY_BODY = YES;
				CLANG_WARN_ENUM_CONVERSION = YES;
				CLANG_WARN_INFINITE_RECURSION = YES;
				CLANG_WARN_INT_CONVERSION = YES;
				CLANG_WARN_NON_LITERAL_NULL_CONVERSION = YES;
				CLANG_WARN_OBJC_IMPLICIT_RETAIN_SELF = YES;
				CLANG_WARN_OBJC_LITERAL_CONVERSION = YES;
				CLANG_WARN_OBJC_ROOT_CLASS = YES_ERROR;
				CLANG_WARN_QUOTED_INCLUDE_IN_FRAMEWORK_HEADER = YES;
				CLANG_WARN_RANGE_LOOP_ANALYSIS = YES;
				CLANG_WARN_STRICT_PROTOTYPES = YES;
				CLANG_WARN_SUSPICIOUS_MOVE = YES;
				CLANG_WARN_UNGUARDED_AVAILABILITY = YES_AGGRESSIVE;
				CLANG_WARN_UNREACHABLE_CODE = YES;
				CLANG_WARN__DUPLICATE_METHOD_MATCH = YES;
				COPY_PHASE_STRIP = NO;
				DEBUG_INFORMATION_FORMAT = dwarf;
				ENABLE_STRICT_OBJC_MSGSEND = YES;
				ENABLE_TESTABILITY = YES;
				ENABLE_USER_SCRIPT_SANDBOXING = YES;
				GCC_C_LANGUAGE_STANDARD = gnu17;
				GCC_DYNAMIC_NO_PIC = NO;
				GCC_NO_COMMON_BLOCKS = YES;
				GCC_OPTIMIZATION_LEVEL = 0;
				GCC_PREPROCESSOR_DEFINITIONS = (
					"DEBUG=1",
					"$(inherited)",
				);
				GCC_WARN_64_TO_32_BIT_CONVERSION = YES;
				GCC_WARN_ABOUT_RETURN_TYPE = YES_ERROR;
				GCC_WARN_UNDECLARED_SELECTOR = YES;
				GCC_WARN_UNINITIALIZED_AUTOS = YES_AGGRESSIVE;
				GCC_WARN_UNUSED_FUNCTION = YES;
				GCC_WARN_UNUSED_VARIABLE = YES;
				IPHONEOS_DEPLOYMENT_TARGET = 18.2;
				LOCALIZATION_PREFERS_STRING_CATALOGS = YES;
				MTL_ENABLE_DEBUG_INFO = INCLUDE_SOURCE;
				MTL_FAST_MATH = YES;
				ONLY_ACTIVE_ARCH = YES;
				SDKROOT = iphoneos;
				SWIFT_ACTIVE_COMPILATION_CONDITIONS = "DEBUG $(inherited)";
				SWIFT_OPTIMIZATION_LEVEL = "-Onone";
			};
			name = Debug;
		};
		5886F5E12D7628C800A9E1AF /* Release */ = {
			isa = XCBuildConfiguration;
			buildSettings = {
				ALWAYS_SEARCH_USER_PATHS = NO;
				ASSETCATALOG_COMPILER_GENERATE_SWIFT_ASSET_SYMBOL_EXTENSIONS = YES;
				CLANG_ANALYZER_NONNULL = YES;
				CLANG_ANALYZER_NUMBER_OBJECT_CONVERSION = YES_AGGRESSIVE;
				CLANG_CXX_LANGUAGE_STANDARD = "gnu++20";
				CLANG_ENABLE_MODULES = YES;
				CLANG_ENABLE_OBJC_ARC = YES;
				CLANG_ENABLE_OBJC_WEAK = YES;
				CLANG_WARN_BLOCK_CAPTURE_AUTORELEASING = YES;
				CLANG_WARN_BOOL_CONVERSION = YES;
				CLANG_WARN_COMMA = YES;
				CLANG_WARN_CONSTANT_CONVERSION = YES;
				CLANG_WARN_DEPRECATED_OBJC_IMPLEMENTATIONS = YES;
				CLANG_WARN_DIRECT_OBJC_ISA_USAGE = YES_ERROR;
				CLANG_WARN_DOCUMENTATION_COMMENTS = YES;
				CLANG_WARN_EMPTY_BODY = YES;
				CLANG_WARN_ENUM_CONVERSION = YES;
				CLANG_WARN_INFINITE_RECURSION = YES;
				CLANG_WARN_INT_CONVERSION = YES;
				CLANG_WARN_NON_LITERAL_NULL_CONVERSION = YES;
				CLANG_WARN_OBJC_IMPLICIT_RETAIN_SELF = YES;
				CLANG_WARN_OBJC_LITERAL_CONVERSION = YES;
				CLANG_WARN_OBJC_ROOT_CLASS = YES_ERROR;
				CLANG_WARN_QUOTED_INCLUDE_IN_FRAMEWORK_HEADER = YES;
				CLANG_WARN_RANGE_LOOP_ANALYSIS = YES;
				CLANG_WARN_STRICT_PROTOTYPES = YES;
				CLANG_WARN_SUSPICIOUS_MOVE = YES;
				CLANG_WARN_UNGUARDED_AVAILABILITY = YES_AGGRESSIVE;
				CLANG_WARN_UNREACHABLE_CODE = YES;
				CLANG_WARN__DUPLICATE_METHOD_MATCH = YES;
				COPY_PHASE_STRIP = NO;
				DEBUG_INFORMATION_FORMAT = "dwarf-with-dsym";
				ENABLE_NS_ASSERTIONS = NO;
				ENABLE_STRICT_OBJC_MSGSEND = YES;
				ENABLE_USER_SCRIPT_SANDBOXING = YES;
				GCC_C_LANGUAGE_STANDARD = gnu17;
				GCC_NO_COMMON_BLOCKS = YES;
				GCC_WARN_64_TO_32_BIT_CONVERSION = YES;
				GCC_WARN_ABOUT_RETURN_TYPE = YES_ERROR;
				GCC_WARN_UNDECLARED_SELECTOR = YES;
				GCC_WARN_UNINITIALIZED_AUTOS = YES_AGGRESSIVE;
				GCC_WARN_UNUSED_FUNCTION = YES;
				GCC_WARN_UNUSED_VARIABLE = YES;
				IPHONEOS_DEPLOYMENT_TARGET = 18.2;
				LOCALIZATION_PREFERS_STRING_CATALOGS = YES;
				MTL_ENABLE_DEBUG_INFO = NO;
				MTL_FAST_MATH = YES;
				SDKROOT = iphoneos;
				SWIFT_COMPILATION_MODE = wholemodule;
				VALIDATE_PRODUCT = YES;
			};
			name = Release;
		};
		5886F5E32D7628C800A9E1AF /* Debug */ = {
			isa = XCBuildConfiguration;
			buildSettings = {
				ASSETCATALOG_COMPILER_APPICON_NAME = AppIcon;
				ASSETCATALOG_COMPILER_GLOBAL_ACCENT_COLOR_NAME = AccentColor;
				CODE_SIGN_STYLE = Automatic;
				CURRENT_PROJECT_VERSION = 1;
				DEVELOPMENT_ASSET_PATHS = "\"Calculadora/Preview Content\"";
				DEVELOPMENT_TEAM = 56GGNJ8S2M;
				ENABLE_PREVIEWS = YES;
				GENERATE_INFOPLIST_FILE = YES;
				INFOPLIST_KEY_UIApplicationSceneManifest_Generation = YES;
				INFOPLIST_KEY_UIApplicationSupportsIndirectInputEvents = YES;
				INFOPLIST_KEY_UILaunchScreen_Generation = YES;
				INFOPLIST_KEY_UISupportedInterfaceOrientations_iPad = "UIInterfaceOrientationPortrait UIInterfaceOrientationPortraitUpsideDown UIInterfaceOrientationLandscapeLeft UIInterfaceOrientationLandscapeRight";
				INFOPLIST_KEY_UISupportedInterfaceOrientations_iPhone = "UIInterfaceOrientationPortrait UIInterfaceOrientationLandscapeLeft UIInterfaceOrientationLandscapeRight";
				LD_RUNPATH_SEARCH_PATHS = (
					"$(inherited)",
					"@executable_path/Frameworks",
				);
				MARKETING_VERSION = 1.0;
				PRODUCT_BUNDLE_IDENTIFIER = com.Calculadora;
				PRODUCT_NAME = "$(TARGET_NAME)";
				SWIFT_EMIT_LOC_STRINGS = YES;
				SWIFT_VERSION = 5.0;
				TARGETED_DEVICE_FAMILY = "1,2";
			};
			name = Debug;
		};
		5886F5E42D7628C800A9E1AF /* Release */ = {
			isa = XCBuildConfiguration;
			buildSettings = {
				ASSETCATALOG_COMPILER_APPICON_NAME = AppIcon;
				ASSETCATALOG_COMPILER_GLOBAL_ACCENT_COLOR_NAME = AccentColor;
				CODE_SIGN_STYLE = Automatic;
				CURRENT_PROJECT_VERSION = 1;
				DEVELOPMENT_ASSET_PATHS = "\"Calculadora/Preview Content\"";
				DEVELOPMENT_TEAM = 56GGNJ8S2M;
				ENABLE_PREVIEWS = YES;
				GENERATE_INFOPLIST_FILE = YES;
				INFOPLIST_KEY_UIApplicationSceneManifest_Generation = YES;
				INFOPLIST_KEY_UIApplicationSupportsIndirectInputEvents = YES;
				INFOPLIST_KEY_UILaunchScreen_Generation = YES;
				INFOPLIST_KEY_UISupportedInterfaceOrientations_iPad = "UIInterfaceOrientationPortrait UIInterfaceOrientationPortraitUpsideDown UIInterfaceOrientationLandscapeLeft UIInterfaceOrientationLandscapeRight";
				INFOPLIST_KEY_UISupportedInterfaceOrientations_iPhone = "UIInterfaceOrientationPortrait UIInterfaceOrientationLandscapeLeft UIInterfaceOrientationLandscapeRight";
				LD_RUNPATH_SEARCH_PATHS = (
					"$(inherited)",
					"@executable_path/Frameworks",
				);
				MARKETING_VERSION = 1.0;
				PRODUCT_BUNDLE_IDENTIFIER = com.Calculadora;
				PRODUCT_NAME = "$(TARGET_NAME)";
				SWIFT_EMIT_LOC_STRINGS = YES;
				SWIFT_OPTIMIZATION_LEVEL = "-O";
				SWIFT_VERSION = 5.0;
				TARGETED_DEVICE_FAMILY = "1,2";
			};
			name = Release;
		};
		5886F5E62D7628C800A9E1AF /* Debug */ = {
			isa = XCBuildConfiguration;
			buildSettings = {
				BUNDLE_LOADER = "$(TEST_HOST)";
				"CODE_SIGN_IDENTITY[sdk=macosx*]" = "Apple Development";
				CODE_SIGN_STYLE = Automatic;
				CURRENT_PROJECT_VERSION = 1;
				DEVELOPMENT_TEAM = 56GGNJ8S2M;
				GENERATE_INFOPLIST_FILE = YES;
				IPHONEOS_DEPLOYMENT_TARGET = 18.2;
				MARKETING_VERSION = 1.0;
				PRODUCT_BUNDLE_IDENTIFIER = calculadora.CalculadoraTests;
				PRODUCT_NAME = "$(TARGET_NAME)";
				SWIFT_EMIT_LOC_STRINGS = NO;
				SWIFT_VERSION = 5.0;
				TARGETED_DEVICE_FAMILY = "1,2";
				TEST_HOST = "$(BUILT_PRODUCTS_DIR)/Calculadora.app/$(BUNDLE_EXECUTABLE_FOLDER_PATH)/Calculadora";
			};
			name = Debug;
		};
		5886F5E72D7628C800A9E1AF /* Release */ = {
			isa = XCBuildConfiguration;
			buildSettings = {
				BUNDLE_LOADER = "$(TEST_HOST)";
				"CODE_SIGN_IDENTITY[sdk=macosx*]" = "Apple Development";
				CODE_SIGN_STYLE = Automatic;
				CURRENT_PROJECT_VERSION = 1;
				DEVELOPMENT_TEAM = 56GGNJ8S2M;
				GENERATE_INFOPLIST_FILE = YES;
				IPHONEOS_DEPLOYMENT_TARGET = 18.2;
				MARKETING_VERSION = 1.0;
				PRODUCT_BUNDLE_IDENTIFIER = calculadora.CalculadoraTests;
				PRODUCT_NAME = "$(TARGET_NAME)";
				SWIFT_EMIT_LOC_STRINGS = NO;
				SWIFT_VERSION = 5.0;
				TARGETED_DEVICE_FAMILY = "1,2";
				TEST_HOST = "$(BUILT_PRODUCTS_DIR)/Calculadora.app/$(BUNDLE_EXECUTABLE_FOLDER_PATH)/Calculadora";
			};
			name = Release;
		};
		5886F5E92D7628C800A9E1AF /* Debug */ = {
			isa = XCBuildConfiguration;
			buildSettings = {
				"CODE_SIGN_IDENTITY[sdk=macosx*]" = "Apple Development";
				CODE_SIGN_STYLE = Automatic;
				CURRENT_PROJECT_VERSION = 1;
				DEVELOPMENT_TEAM = 56GGNJ8S2M;
				GENERATE_INFOPLIST_FILE = YES;
				MARKETING_VERSION = 1.0;
				PRODUCT_BUNDLE_IDENTIFIER = calculadora.CalculadoraUITests;
				PRODUCT_NAME = "$(TARGET_NAME)";
				SWIFT_EMIT_LOC_STRINGS = NO;
				SWIFT_VERSION = 5.0;
				TARGETED_DEVICE_FAMILY = "1,2";
				TEST_TARGET_NAME = Calculadora;
			};
			name = Debug;
		};
		5886F5EA2D7628C800A9E1AF /* Release */ = {
			isa = XCBuildConfiguration;
			buildSettings = {
				"CODE_SIGN_IDENTITY[sdk=macosx*]" = "Apple Development";
				CODE_SIGN_STYLE = Automatic;
				CURRENT_PROJECT_VERSION = 1;
				DEVELOPMENT_TEAM = 56GGNJ8S2M;
				GENERATE_INFOPLIST_FILE = YES;
				MARKETING_VERSION = 1.0;
				PRODUCT_BUNDLE_IDENTIFIER = calculadora.CalculadoraUITests;
				PRODUCT_NAME = "$(TARGET_NAME)";
				SWIFT_EMIT_LOC_STRINGS = NO;
				SWIFT_VERSION = 5.0;
				TARGETED_DEVICE_FAMILY = "1,2";
				TEST_TARGET_NAME = Calculadora;
			};
			name = Release;
		};
/* End XCBuildConfiguration section */

/* Begin XCConfigurationList section */
		5886F5B92D7628C700A9E1AF /* Build configuration list for PBXProject "Calculadora" */ = {
			isa = XCConfigurationList;
			buildConfigurations = (
				5886F5E02D7628C800A9E1AF /* Debug */,
				5886F5E12D7628C800A9E1AF /* Release */,
			);
			defaultConfigurationIsVisible = 0;
			defaultConfigurationName = Release;
		};
		5886F5E22D7628C800A9E1AF /* Build configuration list for PBXNativeTarget "Calculadora" */ = {
			isa = XCConfigurationList;
			buildConfigurations = (
				5886F5E32D7628C800A9E1AF /* Debug */,
				5886F5E42D7628C800A9E1AF /* Release */,
			);
			defaultConfigurationIsVisible = 0;
			defaultConfigurationName = Release;
		};
		5886F5E52D7628C800A9E1AF /* Build configuration list for PBXNativeTarget "CalculadoraTests" */ = {
			isa = XCConfigurationList;
			buildConfigurations = (
				5886F5E62D7628C800A9E1AF /* Debug */,
				5886F5E72D7628C800A9E1AF /* Release */,
			);
			defaultConfigurationIsVisible = 0;
			defaultConfigurationName = Release;
		};
		5886F5E82D7628C800A9E1AF /* Build configuration list for PBXNativeTarget "CalculadoraUITests" */ = {
			isa = XCConfigurationList;
			buildConfigurations = (
				5886F5E92D7628C800A9E1AF /* Debug */,
				5886F5EA2D7628C800A9E1AF /* Release */,
			);
			defaultConfigurationIsVisible = 0;
			defaultConfigurationName = Release;
		};
/* End XCConfigurationList section */
	};
	rootObject = 5886F5B62D7628C700A9E1AF /* Project object */;
}
